{
  "version": 4,
  "terraform_version": "1.14.8",
  "serial": 63,
  "lineage": "27b01995-5016-1564-45a1-92f5301b634f",
  "outputs": {
    "app_id": {
      "value": "3397fdac-3096-4063-b47e-87f2b1af4b9c",
      "type": "string"
    },
    "app_url": {
      "value": "https://www.aseder.edu.co",
      "type": "string"
    }
  },
  "resources": [
    {
      "mode": "managed",
      "type": "digitalocean_app",
      "name": "vimmit_academic",
      "provider": "provider[\"registry.terraform.io/digitalocean/digitalocean\"]",
      "instances": [
        {
          "schema_version": 0,
          "attributes": {
            "active_deployment_id": "998ed66d-b1db-436f-9ca9-13fe6c8ecbb3",
            "created_at": "2026-03-26 22:03:52 +0000 UTC",
            "dedicated_ips": [],
            "default_ingress": "https://vimmit-academic-tm2xx.ondigitalocean.app",
            "deployment_per_page": 20,
            "id": "3397fdac-3096-4063-b47e-87f2b1af4b9c",
            "live_domain": "www.aseder.edu.co",
            "live_url": "https://www.aseder.edu.co",
            "project_id": "39ebdbc9-48fe-4a2d-bbd9-b3c6dd4616d5",
            "spec": [
              {
                "alert": [],
                "database": [],
                "disable_edge_cache": false,
                "disable_email_obfuscation": false,
                "domain": [
                  {
                    "name": "www.aseder.edu.co",
                    "type": "PRIMARY",
                    "wildcard": false,
                    "zone": ""
                  }
                ],
                "domains": [
                  "www.aseder.edu.co"
                ],
                "egress": [],
                "enhanced_threat_control_enabled": false,
                "env": [],
                "features": [
                  "buildpack-stack=ubuntu-22"
                ],
                "function": [],
                "ingress": [
                  {
                    "rule": [
                      {
                        "component": [
                          {
                            "name": "backend-api",
                            "preserve_path_prefix": false,
                            "rewrite": ""
                          }
                        ],
                        "cors": [],
                        "match": [
                          {
                            "authority": [],
                            "path": [
                              {
                                "prefix": "/api"
                              }
                            ]
                          }
                        ],
                        "redirect": []
                      },
                      {
                        "component": [
                          {
                            "name": "frontend-web",
                            "preserve_path_prefix": false,
                            "rewrite": ""
                          }
                        ],
                        "cors": [],
                        "match": [
                          {
                            "authority": [],
                            "path": [
                              {
                                "prefix": "/"
                              }
                            ]
                          }
                        ],
                        "redirect": []
                      }
                    ],
                    "secure_header": []
                  }
                ],
                "job": [],
                "maintenance": [],
                "name": "vimmit-academic",
                "region": "nyc",
                "service": [
                  {
                    "alert": [],
                    "autoscaling": [],
                    "bitbucket": [],
                    "build_command": "",
                    "cors": [],
                    "dockerfile_path": "backend/Dockerfile",
                    "env": [
                      {
                        "key": "DATABASE_URL",
                        "scope": "RUN_AND_BUILD_TIME",
                        "type": "",
                        "value": "sqlite:///test.db"
                      },
                      {
                        "key": "DEPLOY_TRIGGER_SHA",
                        "scope": "RUN_AND_BUILD_TIME",
                        "type": "",
                        "value": "8fb92f1707c387d441ef7e3dd686ec2244ffe737"
                      },
                      {
                        "key": "ENVIRONMENT",
                        "scope": "RUN_AND_BUILD_TIME",
                        "type": "",
                        "value": "production"
                      },
                      {
                        "key": "ZEPTOMAIL_SMTP_USER",
                        "scope": "RUN_AND_BUILD_TIME",
                        "type": "SECRET",
                        "value": "EV[1:MndaWueEsMjTYU5MmU7ffAOsKlYAvP4Q:q/BktX9F3br7jvFLKFqIX/ZZV5Ki/2NrzaPe]"
                      },
                      {
                        "key": "ZEPTOMAIL_TOKEN",
                        "scope": "RUN_AND_BUILD_TIME",
                        "type": "SECRET",
                        "value": "EV[1:dY6JMswbWWPjR2RbIEZCHWf9hO7zsfG7:vzsmLVh9k/zihIHBCfAIR/vKwwfEus3JTsASagJCWwcsQTvE9P0eI8dxgwV6FDgzL7qlQBvohB1pa2dcoSN6lv6EdlccoLlNEqhhwOo/EjjSzDyBFzdiA2Kjq7bzsdwCLse2E+3Mpric5syCiEyhubEQxaZQ27qNDaXGPrqjFhtOud/S5k4M/idnMuvyhhA4A4E/oEoeII4RPM5gqp8L/g==]"
                      }
                    ],
                    "environment_slug": "",
                    "git": [],
                    "github": [
                      {
                        "branch": "main",
                        "deploy_on_push": false,
                        "repo": "eduarevalo/vimmit-academic"
                      }
                    ],
                    "gitlab": [],
                    "health_check": [],
                    "http_port": 8080,
                    "image": [],
                    "instance_count": 1,
                    "instance_size_slug": "basic-xxs",
                    "internal_ports": [],
                    "log_destination": [],
                    "name": "backend-api",
                    "routes": [],
                    "run_command": "",
                    "source_dir": "backend",
                    "termination": []
                  }
                ],
                "static_site": [
                  {
                    "bitbucket": [],
                    "build_command": "npm install \u0026\u0026 npm run build",
                    "catchall_document": "",
                    "cors": [],
                    "dockerfile_path": "",
                    "env": [
                      {
                        "key": "DEPLOY_TRIGGER_SHA",
                        "scope": "BUILD_TIME",
                        "type": "",
                        "value": "8fb92f1707c387d441ef7e3dd686ec2244ffe737"
                      },
                      {
                        "key": "VITE_API_URL",
                        "scope": "BUILD_TIME",
                        "type": "",
                        "value": "/api"
                      }
                    ],
                    "environment_slug": "",
                    "error_document": "index.html",
                    "git": [],
                    "github": [
                      {
                        "branch": "main",
                        "deploy_on_push": false,
                        "repo": "eduarevalo/vimmit-academic"
                      }
                    ],
                    "gitlab": [],
                    "index_document": "",
                    "name": "frontend-web",
                    "output_dir": "dist",
                    "routes": [],
                    "source_dir": "frontend"
                  }
                ],
                "vpc": [],
                "worker": []
              }
            ],
            "timeouts": null,
            "updated_at": "2026-03-30 19:54:55 +0000 UTC",
            "urn": "do:app:3397fdac-3096-4063-b47e-87f2b1af4b9c"
          },
          "sensitive_attributes": [
            [
              {
                "type": "get_attr",
                "value": "spec"
              },
              {
                "type": "index",
                "value": {
                  "value": 0,
                  "type": "number"
                }
              },
              {
                "type": "get_attr",
                "value": "service"
              },
              {
                "type": "index",
                "value": {
                  "value": 0,
                  "type": "number"
                }
              },
              {
                "type": "get_attr",
                "value": "env"
              }
            ],
            [
              {
                "type": "get_attr",
                "value": "spec"
              },
              {
                "type": "index",
                "value": {
                  "value": 0,
                  "type": "number"
                }
              },
              {
                "type": "get_attr",
                "value": "static_site"
              },
              {
                "type": "index",
                "value": {
                  "value": 0,
                  "type": "number"
                }
              },
              {
                "type": "get_attr",
                "value": "env"
              }
            ]
          ],
          "identity_schema_version": 0,
          "private": "eyJlMmJmYjczMC1lY2FhLTExZTYtOGY4OC0zNDM2M2JjN2M0YzAiOnsiY3JlYXRlIjoxODAwMDAwMDAwMDAwfX0="
        }
      ]
    },
    {
      "mode": "managed",
      "type": "digitalocean_domain",
      "name": "default",
      "provider": "provider[\"registry.terraform.io/digitalocean/digitalocean\"]",
      "instances": [
        {
          "schema_version": 0,
          "attributes": {
            "id": "aseder.edu.co",
            "ip_address": null,
            "name": "aseder.edu.co",
            "ttl": 1800,
            "urn": "do:domain:aseder.edu.co"
          },
          "sensitive_attributes": [],
          "identity_schema_version": 0,
          "private": "eyJzY2hlbWFfdmVyc2lvbiI6IjAifQ=="
        }
      ]
    },
    {
      "mode": "managed",
      "type": "digitalocean_record",
      "name": "zeptomail_cname",
      "provider": "provider[\"registry.terraform.io/digitalocean/digitalocean\"]",
      "instances": [
        {
          "schema_version": 0,
          "attributes": {
            "domain": "aseder.edu.co",
            "flags": 0,
            "fqdn": "bounce-zem.aseder.edu.co",
            "id": "1814096165",
            "name": "bounce-zem",
            "port": 0,
            "priority": 0,
            "tag": "",
            "ttl": 1800,
            "type": "CNAME",
            "value": "cluster89.zeptomail.com.",
            "weight": 0
          },
          "sensitive_attributes": [],
          "identity_schema_version": 0,
          "private": "bnVsbA==",
          "dependencies": [
            "digitalocean_domain.default"
          ]
        }
      ]
    },
    {
      "mode": "managed",
      "type": "digitalocean_record",
      "name": "zeptomail_dkim",
      "provider": "provider[\"registry.terraform.io/digitalocean/digitalocean\"]",
      "instances": [
        {
          "schema_version": 0,
          "attributes": {
            "domain": "aseder.edu.co",
            "flags": 0,
            "fqdn": "29162140._domainkey.aseder.edu.co",
            "id": "1814096164",
            "name": "29162140._domainkey",
            "port": 0,
            "priority": 0,
            "tag": "",
            "ttl": 1800,
            "type": "TXT",
            "value": "k=rsa; p=MIIBIjANBgkqhkiG9w0BAQEFAAOCAQ8AMIIBCgKCAQEAm4UxnQ2AfyjHT7MKZCe9Du9RQWePTQaUEu6OTw33FoW1/owl3HHHGoHn41Z85KAPDXuahiD97uuT4yLrXw9YeVNsxGcW01zBgR40T1OT4BcIDqRSJ8IXYbIhwODWw7KjVg3JhJQ6v2+UmjG0jUIYX5UXayb42MgHBrWO6g7qkba+e7dVL6xb8bVZATdvTPaK5KjAsoZTBM3IWaOPTmG1L0TFaKN/lx2EB5SvvtuxTRHNJzDGu82yDMyvlPEWklKscy3mQTLID89tyzz+bNjrDdu+O1vKvG6l/yhTCuKyjolXzIzinqKIotTV9UnrMe1xgd6ggKzRdorfsPneivrKpwIDAQAB",
            "weight": 0
          },
          "sensitive_attributes": [],
          "identity_schema_version": 0,
          "private": "bnVsbA==",
          "dependencies": [
            "digitalocean_domain.default"
          ]
        }
      ]
    },
    {
      "mode": "managed",
      "type": "digitalocean_record",
      "name": "zoho_dkim_marketing",
      "provider": "provider[\"registry.terraform.io/digitalocean/digitalocean\"]",
      "instances": [
        {
          "schema_version": 0,
          "attributes": {
            "domain": "aseder.edu.co",
            "flags": 0,
            "fqdn": "zc919422121._domainkey.aseder.edu.co",
            "id": "1814101269",
            "name": "zc919422121._domainkey",
            "port": 0,
            "priority": 0,
            "tag": "",
            "ttl": 1800,
            "type": "TXT",
            "value": "k=rsa; p=MIIBIjANBgkqhkiG9w0BAQEFAAOCAQ8AMIIBCgKCAQEAnOVNDqdCN2HCX+OJgkQQ5zhNmZFikLLZdwyGbOiXXO0tKkRucTTZpu3MG4iphYkY5rDCfWG/3A5fx72qHs8gPLPlRlAU4ZIFhmOhy26Y1fkISUUOcSbNdRywnehtTFC6CMBzzUAQgIvNQLHyWJ/MEn5FEJH04NIUeDsidCEGFy5DeUlgMkwwUFfS9XnL+4L1QZTQ9TK21xOVxZODw6HlOojgYR44J1DSGbrkxrDYflKb4kk1h02eEynEIwI4VF6LVEUGSiDUWtcJEORF+JA2VdsC4lZnxIt0HCRIqySiSrdjsbc/54tWxw4L1BtjmZHD1kjnS8ums2H7AoOiOoM56wIDAQAB",
            "weight": 0
          },
          "sensitive_attributes": [],
          "identity_schema_version": 0,
          "private": "bnVsbA==",
          "dependencies": [
            "digitalocean_domain.default"
          ]
        }
      ]
    },
    {
      "mode": "managed",
      "type": "digitalocean_record",
      "name": "zoho_dkim_transactional",
      "provider": "provider[\"registry.terraform.io/digitalocean/digitalocean\"]",
      "instances": [
        {
          "schema_version": 0,
          "attributes": {
            "domain": "aseder.edu.co",
            "flags": 0,
            "fqdn": "291732328._domainkey.aseder.edu.co",
            "id": "1814101267",
            "name": "291732328._domainkey",
            "port": 0,
            "priority": 0,
            "tag": "",
            "ttl": 1800,
            "type": "TXT",
            "value": "k=rsa; p=MIGfMA0GCSqGSIb3DQEBAQUAA4GNADCBiQKBgQDq6OIICyLJowSBxZVaVtfNgILw6Y0Rn49JA4ZSNKWhgA4aUT9zFKaM0xCUtDyWKRV1Ujujgtbh3HGYezZ3pE/FyAxGAoCiM3ZE6veJlTFW8tIaj6ATcD1G3F8GChUR0AUI/kyt3sB+p+WNDc4vVOhGERKx/sejDgeLVAtI0HPcvQIDAQAB",
            "weight": 0
          },
          "sensitive_attributes": [],
          "identity_schema_version": 0,
          "private": "bnVsbA==",
          "dependencies": [
            "digitalocean_domain.default"
          ]
        }
      ]
    },
    {
      "mode": "managed",
      "type": "digitalocean_record",
      "name": "zoho_mx_1",
      "provider": "provider[\"registry.terraform.io/digitalocean/digitalocean\"]",
      "instances": [
        {
          "schema_version": 0,
          "attributes": {
            "domain": "aseder.edu.co",
            "flags": 0,
            "fqdn": "aseder.edu.co",
            "id": "1814102262",
            "name": "@",
            "port": 0,
            "priority": 10,
            "tag": "",
            "ttl": 1800,
            "type": "MX",
            "value": "mx.zoho.com.",
            "weight": 0
          },
          "sensitive_attributes": [],
          "identity_schema_version": 0,
          "private": "bnVsbA==",
          "dependencies": [
            "digitalocean_domain.default"
          ]
        }
      ]
    },
    {
      "mode": "managed",
      "type": "digitalocean_record",
      "name": "zoho_mx_2",
      "provider": "provider[\"registry.terraform.io/digitalocean/digitalocean\"]",
      "instances": [
        {
          "schema_version": 0,
          "attributes": {
            "domain": "aseder.edu.co",
            "flags": 0,
            "fqdn": "aseder.edu.co",
            "id": "1814102263",
            "name": "@",
            "port": 0,
            "priority": 20,
            "tag": "",
            "ttl": 1800,
            "type": "MX",
            "value": "mx2.zoho.com.",
            "weight": 0
          },
          "sensitive_attributes": [],
          "identity_schema_version": 0,
          "private": "bnVsbA==",
          "dependencies": [
            "digitalocean_domain.default"
          ]
        }
      ]
    },
    {
      "mode": "managed",
      "type": "digitalocean_record",
      "name": "zoho_mx_3",
      "provider": "provider[\"registry.terraform.io/digitalocean/digitalocean\"]",
      "instances": [
        {
          "schema_version": 0,
          "attributes": {
            "domain": "aseder.edu.co",
            "flags": 0,
            "fqdn": "aseder.edu.co",
            "id": "1814102261",
            "name": "@",
            "port": 0,
            "priority": 50,
            "tag": "",
            "ttl": 1800,
            "type": "MX",
            "value": "mx3.zoho.com.",
            "weight": 0
          },
          "sensitive_attributes": [],
          "identity_schema_version": 0,
          "private": "bnVsbA==",
          "dependencies": [
            "digitalocean_domain.default"
          ]
        }
      ]
    },
    {
      "mode": "managed",
      "type": "digitalocean_record",
      "name": "zoho_spf",
      "provider": "provider[\"registry.terraform.io/digitalocean/digitalocean\"]",
      "instances": [
        {
          "schema_version": 0,
          "attributes": {
            "domain": "aseder.edu.co",
            "flags": 0,
            "fqdn": "aseder.edu.co",
            "id": "1814101270",
            "name": "@",
            "port": 0,
            "priority": 0,
            "tag": "",
            "ttl": 1800,
            "type": "TXT",
            "value": "v=spf1 include:zohomail.com include:zoho.com ~all",
            "weight": 0
          },
          "sensitive_attributes": [],
          "identity_schema_version": 0,
          "private": "bnVsbA==",
          "dependencies": [
            "digitalocean_domain.default"
          ]
        }
      ]
    },
    {
      "mode": "managed",
      "type": "digitalocean_record",
      "name": "zoho_verification",
      "provider": "provider[\"registry.terraform.io/digitalocean/digitalocean\"]",
      "instances": [
        {
          "schema_version": 0,
          "attributes": {
            "domain": "aseder.edu.co",
            "flags": 0,
            "fqdn": "aseder.edu.co",
            "id": "1814101268",
            "name": "@",
            "port": 0,
            "priority": 0,
            "tag": "",
            "ttl": 1800,
            "type": "TXT",
            "value": "zoho-verification=zb85361907.zmverify.zoho.com",
            "weight": 0
          },
          "sensitive_attributes": [],
          "identity_schema_version": 0,
          "private": "bnVsbA==",
          "dependencies": [
            "digitalocean_domain.default"
          ]
        }
      ]
    }
  ],
  "check_results": null
}
